
Microsoft Visual Studio Solution File, Format Version 12.00
# Visual Studio Version 17
VisualStudioVersion = 17.5.002.0
MinimumVisualStudioVersion = 10.0.40219.1
Project("{9A19103F-16F7-4668-BE54-9A1E7A4F7556}") = "tipos", "tipos.csproj", "{0892DD1C-30AD-4576-A3E7-4C5148CCC58F}"
EndProject
Global
	GlobalSection(SolutionConfigurationPlatforms) = preSolution
		Debug|Any CPU = Debug|Any CPU
		Release|Any CPU = Release|Any CPU
	EndGlobalSection
	GlobalSection(ProjectConfigurationPlatforms) = postSolution
		{0892DD1C-30AD-4576-A3E7-4C5148CCC58F}.Debug|Any CPU.ActiveCfg = Debug|Any CPU
		{0892DD1C-30AD-4576-A3E7-4C5148CCC58F}.Debug|Any CPU.Build.0 = Debug|Any CPU
		{0892DD1C-30AD-4576-A3E7-4C5148CCC58F}.Release|Any CPU.ActiveCfg = Release|Any CPU
		{0892DD1C-30AD-4576-A3E7-4C5148CCC58F}.Release|Any CPU.Build.0 = Release|Any CPU
	EndGlobalSection
	GlobalSection(SolutionProperties) = preSolution
		HideSolutionNode = FALSE
	EndGlobalSection
	GlobalSection(ExtensibilityGlobals) = postSolution
		SolutionGuid = {81138922-DF3E-4704-8E63-2EA156EE4920}
	EndGlobalSection
EndGlobal
